
Microsoft Visual Studio Solution File, Format Version 12.00
# Visual Studio Version 16
VisualStudioVersion = 16.0.30611.23
MinimumVisualStudioVersion = 10.0.40219.1
Project("{FAE04EC0-301F-11D3-BF4B-00C04F79EFBC}") = "dotNet5781_00_2070_5493", "dotNet5781_00_2070_5493\dotNet5781_00_2070_5493.csproj", "{73BE4495-4A53-43B3-9A0C-2B781C30B938}"
EndProject
Project("{FAE04EC0-301F-11D3-BF4B-00C04F79EFBC}") = "ConsoleApp1", "ConsoleApp1\ConsoleApp1.csproj", "{378F48D5-05FE-43F8-A2CE-3E8999758AEA}"
EndProject
Project("{FAE04EC0-301F-11D3-BF4B-00C04F79EFBC}") = "dotNet5781_01_2070_5493", "ConsoleApp2\dotNet5781_01_2070_5493.csproj", "{8A6D8F78-ADD0-4BD1-9AF7-48377ACCCF88}"
EndProject
Global
	GlobalSection(SolutionConfigurationPlatforms) = preSolution
		Debug|Any CPU = Debug|Any CPU
		Release|Any CPU = Release|Any CPU
	EndGlobalSection
	GlobalSection(ProjectConfigurationPlatforms) = postSolution
		{73BE4495-4A53-43B3-9A0C-2B781C30B938}.Debug|Any CPU.ActiveCfg = Debug|Any CPU
		{73BE4495-4A53-43B3-9A0C-2B781C30B938}.Debug|Any CPU.Build.0 = Debug|Any CPU
		{73BE4495-4A53-43B3-9A0C-2B781C30B938}.Release|Any CPU.ActiveCfg = Release|Any CPU
		{73BE4495-4A53-43B3-9A0C-2B781C30B938}.Release|Any CPU.Build.0 = Release|Any CPU
		{378F48D5-05FE-43F8-A2CE-3E8999758AEA}.Debug|Any CPU.ActiveCfg = Debug|Any CPU
		{378F48D5-05FE-43F8-A2CE-3E8999758AEA}.Debug|Any CPU.Build.0 = Debug|Any CPU
		{378F48D5-05FE-43F8-A2CE-3E8999758AEA}.Release|Any CPU.ActiveCfg = Release|Any CPU
		{378F48D5-05FE-43F8-A2CE-3E8999758AEA}.Release|Any CPU.Build.0 = Release|Any CPU
		{8A6D8F78-ADD0-4BD1-9AF7-48377ACCCF88}.Debug|Any CPU.ActiveCfg = Debug|Any CPU
		{8A6D8F78-ADD0-4BD1-9AF7-48377ACCCF88}.Debug|Any CPU.Build.0 = Debug|Any CPU
		{8A6D8F78-ADD0-4BD1-9AF7-48377ACCCF88}.Release|Any CPU.ActiveCfg = Release|Any CPU
		{8A6D8F78-ADD0-4BD1-9AF7-48377ACCCF88}.Release|Any CPU.Build.0 = Release|Any CPU
	EndGlobalSection
	GlobalSection(SolutionProperties) = preSolution
		HideSolutionNode = FALSE
	EndGlobalSection
	GlobalSection(ExtensibilityGlobals) = postSolution
		SolutionGuid = {71BEBE60-6777-4E1E-B16A-82C0064CB865}
	EndGlobalSection
EndGlobal
