
Microsoft Visual Studio Solution File, Format Version 12.00
# Visual Studio Version 16
VisualStudioVersion = 16.0.30611.23
MinimumVisualStudioVersion = 10.0.40219.1
Project("{FAE04EC0-301F-11D3-BF4B-00C04F79EFBC}") = "dotNet5781_00_2070_5493", "dotNet5781_00_2070_5493\dotNet5781_00_2070_5493.csproj", "{73BE4495-4A53-43B3-9A0C-2B781C30B938}"
EndProject
Project("{FAE04EC0-301F-11D3-BF4B-00C04F79EFBC}") = "ConsoleApp1", "ConsoleApp1\ConsoleApp1.csproj", "{378F48D5-05FE-43F8-A2CE-3E8999758AEA}"
EndProject
Project("{FAE04EC0-301F-11D3-BF4B-00C04F79EFBC}") = "dotNet5781_01_2070_5493", "dotNet5781_01_2070_5493\dotNet5781_01_2070_5493.csproj", "{DF1FD525-48B4-4C4E-BD47-183B95E948A0}"
EndProject
Project("{FAE04EC0-301F-11D3-BF4B-00C04F79EFBC}") = "dotNet5781_02_2070_5493", "dotNet5781_02_2070_5493\dotNet5781_02_2070_5493.csproj", "{C69780E6-4E93-41DF-8E74-87068695EB54}"
EndProject
Project("{FAE04EC0-301F-11D3-BF4B-00C04F79EFBC}") = "dotNet5781_03_2070_5493", "dotNet5781_03_2070_5493\dotNet5781_03_2070_5493.csproj", "{1844DE6A-AC8A-41D2-B15F-B7FC0C5529B6}"
EndProject
Project("{FAE04EC0-301F-11D3-BF4B-00C04F79EFBC}") = "dotNet5781_04_2070_5493", "dotNet5781_04_2070_5493\dotNet5781_04_2070_5493.csproj", "{2442781C-109F-41A7-BE0A-CA258E7D6364}"
EndProject
Global
	GlobalSection(SolutionConfigurationPlatforms) = preSolution
		Debug|Any CPU = Debug|Any CPU
		Release|Any CPU = Release|Any CPU
	EndGlobalSection
	GlobalSection(ProjectConfigurationPlatforms) = postSolution
		{73BE4495-4A53-43B3-9A0C-2B781C30B938}.Debug|Any CPU.ActiveCfg = Debug|Any CPU
		{73BE4495-4A53-43B3-9A0C-2B781C30B938}.Debug|Any CPU.Build.0 = Debug|Any CPU
		{73BE4495-4A53-43B3-9A0C-2B781C30B938}.Release|Any CPU.ActiveCfg = Release|Any CPU
		{73BE4495-4A53-43B3-9A0C-2B781C30B938}.Release|Any CPU.Build.0 = Release|Any CPU
		{378F48D5-05FE-43F8-A2CE-3E8999758AEA}.Debug|Any CPU.ActiveCfg = Debug|Any CPU
		{378F48D5-05FE-43F8-A2CE-3E8999758AEA}.Debug|Any CPU.Build.0 = Debug|Any CPU
		{378F48D5-05FE-43F8-A2CE-3E8999758AEA}.Release|Any CPU.ActiveCfg = Release|Any CPU
		{378F48D5-05FE-43F8-A2CE-3E8999758AEA}.Release|Any CPU.Build.0 = Release|Any CPU
		{DF1FD525-48B4-4C4E-BD47-183B95E948A0}.Debug|Any CPU.ActiveCfg = Debug|Any CPU
		{DF1FD525-48B4-4C4E-BD47-183B95E948A0}.Debug|Any CPU.Build.0 = Debug|Any CPU
		{DF1FD525-48B4-4C4E-BD47-183B95E948A0}.Release|Any CPU.ActiveCfg = Release|Any CPU
		{DF1FD525-48B4-4C4E-BD47-183B95E948A0}.Release|Any CPU.Build.0 = Release|Any CPU
		{C69780E6-4E93-41DF-8E74-87068695EB54}.Debug|Any CPU.ActiveCfg = Debug|Any CPU
		{C69780E6-4E93-41DF-8E74-87068695EB54}.Debug|Any CPU.Build.0 = Debug|Any CPU
		{C69780E6-4E93-41DF-8E74-87068695EB54}.Release|Any CPU.ActiveCfg = Release|Any CPU
		{C69780E6-4E93-41DF-8E74-87068695EB54}.Release|Any CPU.Build.0 = Release|Any CPU
		{1844DE6A-AC8A-41D2-B15F-B7FC0C5529B6}.Debug|Any CPU.ActiveCfg = Debug|Any CPU
		{1844DE6A-AC8A-41D2-B15F-B7FC0C5529B6}.Debug|Any CPU.Build.0 = Debug|Any CPU
		{1844DE6A-AC8A-41D2-B15F-B7FC0C5529B6}.Release|Any CPU.ActiveCfg = Release|Any CPU
		{1844DE6A-AC8A-41D2-B15F-B7FC0C5529B6}.Release|Any CPU.Build.0 = Release|Any CPU
		{2442781C-109F-41A7-BE0A-CA258E7D6364}.Debug|Any CPU.ActiveCfg = Debug|Any CPU
		{2442781C-109F-41A7-BE0A-CA258E7D6364}.Debug|Any CPU.Build.0 = Debug|Any CPU
		{2442781C-109F-41A7-BE0A-CA258E7D6364}.Release|Any CPU.ActiveCfg = Release|Any CPU
		{2442781C-109F-41A7-BE0A-CA258E7D6364}.Release|Any CPU.Build.0 = Release|Any CPU
	EndGlobalSection
	GlobalSection(SolutionProperties) = preSolution
		HideSolutionNode = FALSE
	EndGlobalSection
	GlobalSection(ExtensibilityGlobals) = postSolution
		SolutionGuid = {71BEBE60-6777-4E1E-B16A-82C0064CB865}
	EndGlobalSection
EndGlobal
